
Microsoft Visual Studio Solution File, Format Version 12.00
# Visual Studio Version 17
VisualStudioVersion = 17.4.33213.308
MinimumVisualStudioVersion = 10.0.40219.1
Project("{FAE04EC0-301F-11D3-BF4B-00C04F79EFBC}") = "Week6StringsAndArrays", "Week6StringsAndArrays\Week6StringsAndArrays.csproj", "{ABCDF9B1-0517-4161-87FA-2C88E1E58591}"
EndProject
Project("{FAE04EC0-301F-11D3-BF4B-00C04F79EFBC}") = "Arrays", "Arrays\Arrays.csproj", "{6BCD1320-293D-4010-8E0A-122BB6CFFC29}"
EndProject
Project("{FAE04EC0-301F-11D3-BF4B-00C04F79EFBC}") = "NumberArrays", "NumberArrays\NumberArrays.csproj", "{5903D166-2BC6-491D-9849-90A9DF43B109}"
EndProject
Project("{FAE04EC0-301F-11D3-BF4B-00C04F79EFBC}") = "RandomElement", "RandomElement\RandomElement.csproj", "{B77DB7A2-B8E1-43B3-B867-AE53A835D82E}"
EndProject
Project("{FAE04EC0-301F-11D3-BF4B-00C04F79EFBC}") = "ConsoleApp1", "ConsoleApp1\ConsoleApp1.csproj", "{CE9CB37C-6DB2-4CCF-A030-21F407B2D54C}"
EndProject
Global
	GlobalSection(SolutionConfigurationPlatforms) = preSolution
		Debug|Any CPU = Debug|Any CPU
		Release|Any CPU = Release|Any CPU
	EndGlobalSection
	GlobalSection(ProjectConfigurationPlatforms) = postSolution
		{ABCDF9B1-0517-4161-87FA-2C88E1E58591}.Debug|Any CPU.ActiveCfg = Debug|Any CPU
		{ABCDF9B1-0517-4161-87FA-2C88E1E58591}.Debug|Any CPU.Build.0 = Debug|Any CPU
		{ABCDF9B1-0517-4161-87FA-2C88E1E58591}.Release|Any CPU.ActiveCfg = Release|Any CPU
		{ABCDF9B1-0517-4161-87FA-2C88E1E58591}.Release|Any CPU.Build.0 = Release|Any CPU
		{6BCD1320-293D-4010-8E0A-122BB6CFFC29}.Debug|Any CPU.ActiveCfg = Debug|Any CPU
		{6BCD1320-293D-4010-8E0A-122BB6CFFC29}.Debug|Any CPU.Build.0 = Debug|Any CPU
		{6BCD1320-293D-4010-8E0A-122BB6CFFC29}.Release|Any CPU.ActiveCfg = Release|Any CPU
		{6BCD1320-293D-4010-8E0A-122BB6CFFC29}.Release|Any CPU.Build.0 = Release|Any CPU
		{5903D166-2BC6-491D-9849-90A9DF43B109}.Debug|Any CPU.ActiveCfg = Debug|Any CPU
		{5903D166-2BC6-491D-9849-90A9DF43B109}.Debug|Any CPU.Build.0 = Debug|Any CPU
		{5903D166-2BC6-491D-9849-90A9DF43B109}.Release|Any CPU.ActiveCfg = Release|Any CPU
		{5903D166-2BC6-491D-9849-90A9DF43B109}.Release|Any CPU.Build.0 = Release|Any CPU
		{B77DB7A2-B8E1-43B3-B867-AE53A835D82E}.Debug|Any CPU.ActiveCfg = Debug|Any CPU
		{B77DB7A2-B8E1-43B3-B867-AE53A835D82E}.Debug|Any CPU.Build.0 = Debug|Any CPU
		{B77DB7A2-B8E1-43B3-B867-AE53A835D82E}.Release|Any CPU.ActiveCfg = Release|Any CPU
		{B77DB7A2-B8E1-43B3-B867-AE53A835D82E}.Release|Any CPU.Build.0 = Release|Any CPU
		{CE9CB37C-6DB2-4CCF-A030-21F407B2D54C}.Debug|Any CPU.ActiveCfg = Debug|Any CPU
		{CE9CB37C-6DB2-4CCF-A030-21F407B2D54C}.Debug|Any CPU.Build.0 = Debug|Any CPU
		{CE9CB37C-6DB2-4CCF-A030-21F407B2D54C}.Release|Any CPU.ActiveCfg = Release|Any CPU
		{CE9CB37C-6DB2-4CCF-A030-21F407B2D54C}.Release|Any CPU.Build.0 = Release|Any CPU
	EndGlobalSection
	GlobalSection(SolutionProperties) = preSolution
		HideSolutionNode = FALSE
	EndGlobalSection
	GlobalSection(ExtensibilityGlobals) = postSolution
		SolutionGuid = {B3756F06-AA01-4196-A06C-56BDF707AF02}
	EndGlobalSection
EndGlobal
